{
  "name": "graphology-library",
  "version": "0.1.1",
  "lockfileVersion": 1,
  "requires": true,
  "dependencies": {
    "graphology-assertions": {
      "version": "0.0.1",
      "resolved": "https://registry.npmjs.org/graphology-assertions/-/graphology-assertions-0.0.1.tgz",
      "integrity": "sha1-kcEjGZbxlGXoQqu0g5j51+ZP1DI=",
      "requires": {
        "lodash": "^4.16.6"
      }
    },
    "graphology-communities-louvain": {
      "version": "0.1.1",
      "resolved": "https://registry.npmjs.org/graphology-communities-louvain/-/graphology-communities-louvain-0.1.1.tgz",
      "integrity": "sha1-3ffR/aItdGmoUQmQQSRH7JIoQ70=",
      "requires": {
        "graphology-utils": "^1.1.1",
        "lodash": "^4.17.4"
      }
    },
    "graphology-components": {
      "version": "0.1.0",
      "resolved": "https://registry.npmjs.org/graphology-components/-/graphology-components-0.1.0.tgz",
      "integrity": "sha1-PBeJplTGNZB9qWW6itY0KE21KKM=",
      "requires": {
        "graphology-utils": "^1.1.1"
      }
    },
    "graphology-generators": {
      "version": "0.9.0",
      "resolved": "https://registry.npmjs.org/graphology-generators/-/graphology-generators-0.9.0.tgz",
      "integrity": "sha512-L7nSBcQg/cJgmqxfbiXxAMCWu2vTS/UlvfaCOe6JYr0JmykahASP+7UvulRG8jZ70Xn+fLeGNGlBKXNBQWFgTA==",
      "requires": {
        "graphology-metrics": "^1.3.0",
        "graphology-utils": "^1.3.0",
        "lodash": "^4.16.3",
        "obliterator": "^1.1.0"
      }
    },
    "graphology-gexf": {
      "version": "0.4.0",
      "resolved": "https://registry.npmjs.org/graphology-gexf/-/graphology-gexf-0.4.0.tgz",
      "integrity": "sha512-OgeGTTBu8MobxwkzrIEeKrhOpjfWjtRz9p67kMkuB4Tcc0KkI7tdY+3Va4MKAkNpz8uzLcHOOTbUBE5vUsU00g==",
      "requires": {
        "graphology-utils": "^1.3.0",
        "xml-writer": "^1.7.0",
        "xmldom": "^0.1.27"
      }
    },
    "graphology-hits": {
      "version": "0.1.0",
      "resolved": "https://registry.npmjs.org/graphology-hits/-/graphology-hits-0.1.0.tgz",
      "integrity": "sha1-zmFrr/j9XSxOg64HFQCkcGimHpc=",
      "requires": {
        "graphology-utils": "^1.0.0",
        "lodash": "^4.16.3"
      }
    },
    "graphology-layout": {
      "version": "0.0.1",
      "resolved": "https://registry.npmjs.org/graphology-layout/-/graphology-layout-0.0.1.tgz",
      "integrity": "sha1-COp4P6rDteRsgY6SgtxHvtJ+PoQ=",
      "requires": {
        "graphology-utils": "^1.1.1",
        "lodash": "^4.16.4"
      }
    },
    "graphology-layout-forceatlas2": {
      "version": "0.1.1",
      "resolved": "https://registry.npmjs.org/graphology-layout-forceatlas2/-/graphology-layout-forceatlas2-0.1.1.tgz",
      "integrity": "sha512-ITgNkjwR7O+77lNcKVpR3s5DnR3qt9NDkJA7zlFM5IRj693Kc6eTYzFq8ubcEGWA0KzkGt/fxkAZwBwiI9eQeg==",
      "requires": {
        "graphology-utils": "^1.1.1"
      }
    },
    "graphology-metrics": {
      "version": "1.6.0",
      "resolved": "https://registry.npmjs.org/graphology-metrics/-/graphology-metrics-1.6.0.tgz",
      "integrity": "sha512-LSm1VoutunkFpfGH2FSzbsTi8Xo92xc29tBp0L+SI+hOCj8nDMwr422IXtYk8mwiCGQAhq+towXCetu1qsJViw==",
      "requires": {
        "graphology-shortest-path": "^1.0.1",
        "graphology-utils": "^1.3.0",
        "lodash": "^4.17.5"
      }
    },
    "graphology-operators": {
      "version": "0.1.0",
      "resolved": "https://registry.npmjs.org/graphology-operators/-/graphology-operators-0.1.0.tgz",
      "integrity": "sha1-1tdDXhcKJL2Lfwbhnkf6jTVMfQg=",
      "requires": {
        "graphology-utils": "^1.1.1"
      }
    },
    "graphology-pagerank": {
      "version": "1.1.0",
      "resolved": "https://registry.npmjs.org/graphology-pagerank/-/graphology-pagerank-1.1.0.tgz",
      "integrity": "sha512-ubhzN7HDKYSaFFvzqQsqQp14LIgCPNGaioWVZgc5E49NEKUOtCVehWEDF/9QXDUiK+4cMzj/yRoneJbYR0Rc3A==",
      "requires": {
        "graphology-utils": "^1.3.0",
        "lodash": "^4.17.5"
      }
    },
    "graphology-shortest-path": {
      "version": "1.0.1",
      "resolved": "https://registry.npmjs.org/graphology-shortest-path/-/graphology-shortest-path-1.0.1.tgz",
      "integrity": "sha512-VBKd+MWlLF8TmGUAqO9w5PJE3+9QfdwCtX/xEQnDI9uxmsyJUPcS+DzyDdKAdUZOCdcBjflUONnIkZqiuVVOgw==",
      "requires": {
        "graphology-utils": "^1.1.2",
        "mnemonist": "^0.19.0"
      }
    },
    "graphology-utils": {
      "version": "1.3.0",
      "resolved": "https://registry.npmjs.org/graphology-utils/-/graphology-utils-1.3.0.tgz",
      "integrity": "sha512-7B1HzKv7QkbwpdqnfUtB1Fc9dFbLwHUDEPYBG3xTfAOv2gr30vKHBwhNvLwY9vzhRri3Such+EJF/Hlln5jPCA=="
    },
    "lodash": {
      "version": "4.17.10",
      "resolved": "https://registry.npmjs.org/lodash/-/lodash-4.17.10.tgz",
      "integrity": "sha512-UejweD1pDoXu+AD825lWwp4ZGtSwgnpZxb3JDViD7StjQz+Nb/6l093lx4OQ0foGWNRoc19mWy7BzL+UAK2iVg=="
    },
    "mnemonist": {
      "version": "0.19.0",
      "resolved": "https://registry.npmjs.org/mnemonist/-/mnemonist-0.19.0.tgz",
      "integrity": "sha512-YhJ1cT6EhQPOMh+nBWpJcrDDur8VjNHYt+wU44ricdaELpcZ2tqC6NsynBOigySM++izPfgsk+3KJyKLDpaqjg==",
      "requires": {
        "obliterator": "^1.2.1"
      }
    },
    "obliterator": {
      "version": "1.3.0",
      "resolved": "https://registry.npmjs.org/obliterator/-/obliterator-1.3.0.tgz",
      "integrity": "sha512-lUSE420rF+gOCNDVn6w+E0ZE2wCtRInrhUETW8cQMjh9Je2EM/Agz0rAWEBr5AmqUP6PlJt1X8hRbMFSewMXSQ=="
    },
    "xml-writer": {
      "version": "1.7.0",
      "resolved": "https://registry.npmjs.org/xml-writer/-/xml-writer-1.7.0.tgz",
      "integrity": "sha1-t28dWRwWomNOvbcDx729D9aBkGU="
    },
    "xmldom": {
      "version": "0.1.27",
      "resolved": "https://registry.npmjs.org/xmldom/-/xmldom-0.1.27.tgz",
      "integrity": "sha1-1QH5ezvbQDr4757MIFcxh6rawOk="
    }
  }
}
