{
  "name": "graphology-library",
  "version": "0.2.0",
  "lockfileVersion": 1,
  "requires": true,
  "dependencies": {
    "@yomguithereal/helpers": {
      "version": "1.0.1",
      "resolved": "https://registry.npmjs.org/@yomguithereal/helpers/-/helpers-1.0.1.tgz",
      "integrity": "sha512-FhhWmGYCi5XWIC6kSfpcxkkuabi8koiH1CebrrqMZgK0WYdRdinWla/qLCeiqVSuT+iNOxQUMhhsSDbdgSsqjw=="
    },
    "graphology-assertions": {
      "version": "0.0.1",
      "resolved": "https://registry.npmjs.org/graphology-assertions/-/graphology-assertions-0.0.1.tgz",
      "integrity": "sha1-kcEjGZbxlGXoQqu0g5j51+ZP1DI=",
      "requires": {
        "lodash": "^4.16.6"
      }
    },
    "graphology-communities-louvain": {
      "version": "1.2.0",
      "resolved": "https://registry.npmjs.org/graphology-communities-louvain/-/graphology-communities-louvain-1.2.0.tgz",
      "integrity": "sha512-XHnkJrAgvAincz/uCszT1MQc5kTgfT9Ff29oUUceOr8di7oFca/j0hOHX8u9VyEN85IEEV+dJ8XwglSmYEglig==",
      "requires": {
        "graphology-indices": "^0.8.0",
        "graphology-types": "^0.16.0",
        "graphology-utils": "^1.7.0",
        "lodash": "^4.17.15",
        "mnemonist": "^0.36.0",
        "pandemonium": "^1.5.0"
      }
    },
    "graphology-components": {
      "version": "0.1.0",
      "resolved": "https://registry.npmjs.org/graphology-components/-/graphology-components-0.1.0.tgz",
      "integrity": "sha1-PBeJplTGNZB9qWW6itY0KE21KKM=",
      "requires": {
        "graphology-utils": "^1.1.1"
      }
    },
    "graphology-generators": {
      "version": "0.10.1",
      "resolved": "https://registry.npmjs.org/graphology-generators/-/graphology-generators-0.10.1.tgz",
      "integrity": "sha512-V963AZdKK7luv1b/gaCchHN4zwnNtL5ZtZ9/9fND0jr8KURwB4gpj6EIIyDwqTqxnofXe9YiY5NLKXnGljBNkg==",
      "requires": {
        "graphology-metrics": "^1.6.0",
        "graphology-utils": "^1.3.1",
        "lodash": "^4.17.11",
        "obliterator": "^1.4.0"
      }
    },
    "graphology-gexf": {
      "version": "0.5.1",
      "resolved": "https://registry.npmjs.org/graphology-gexf/-/graphology-gexf-0.5.1.tgz",
      "integrity": "sha512-OXfeJ0Dmem+eKul1DzfYAOkUv1MLsR2ilxKga2zBX/v0g23efggWWSFjUrxCFiueufvd00LbanteXLBsTxk3ow==",
      "requires": {
        "graphology-utils": "^1.5.0",
        "xml-writer": "^1.7.0",
        "xmldom": "^0.2.1"
      }
    },
    "graphology-hits": {
      "version": "0.1.0",
      "resolved": "https://registry.npmjs.org/graphology-hits/-/graphology-hits-0.1.0.tgz",
      "integrity": "sha1-zmFrr/j9XSxOg64HFQCkcGimHpc=",
      "requires": {
        "graphology-utils": "^1.0.0",
        "lodash": "^4.16.3"
      }
    },
    "graphology-indices": {
      "version": "0.8.0",
      "resolved": "https://registry.npmjs.org/graphology-indices/-/graphology-indices-0.8.0.tgz",
      "integrity": "sha512-uyoRm/zN30nddan6BuMvybeb2DS+TZN1gAF7qmAPFKLtW8EDtgwHByQt+24xlTWuibnDiPVP/UPpCMrSAWFbDQ==",
      "requires": {
        "graphology-types": "^0.16.0",
        "graphology-utils": "^1.7.0",
        "mnemonist": "^0.35.0"
      },
      "dependencies": {
        "mnemonist": {
          "version": "0.35.0",
          "resolved": "https://registry.npmjs.org/mnemonist/-/mnemonist-0.35.0.tgz",
          "integrity": "sha512-dewrFCpMv4jfEIxZLZufkxieuib2Q7bkZviiDyQnsDzNkkk7e1YV93tdY8sgwe+XuFQ5e+CJ+kR8qQ3jbzF9KQ==",
          "requires": {
            "obliterator": "^1.6.1"
          }
        }
      }
    },
    "graphology-layout": {
      "version": "0.2.0",
      "resolved": "https://registry.npmjs.org/graphology-layout/-/graphology-layout-0.2.0.tgz",
      "integrity": "sha512-wrdUYQGs3P4L4f/VLYe4OkDSookWyrCOFGYM1ZWug99kgagYBFhfo/cZyiook153siMQaKmuuEH+iauZEy+GbQ==",
      "requires": {
        "graphology-types": "^0.15.3",
        "graphology-utils": "^1.6.0",
        "lodash": "^4.17.15"
      },
      "dependencies": {
        "graphology-types": {
          "version": "0.15.5",
          "resolved": "https://registry.npmjs.org/graphology-types/-/graphology-types-0.15.5.tgz",
          "integrity": "sha512-2NONgcQ0KmzMoiLAOkk4AkyhrQsA4dfJKyGOMYUfz2sNBAR/VK3oPcalCg3ID7zDd4XSqE3rMtEt+G3KcUaLew=="
        }
      }
    },
    "graphology-layout-forceatlas2": {
      "version": "0.4.3",
      "resolved": "https://registry.npmjs.org/graphology-layout-forceatlas2/-/graphology-layout-forceatlas2-0.4.3.tgz",
      "integrity": "sha512-MYE3aVapPT/T4QvfynYrXpiHG5HtX8hG83cZhCSA687Tsl63NHh3ZWDfrGzZYWsHP/B2/o+S+qyoZ20QZ1bxpw==",
      "requires": {
        "graphology-types": "^0.16.0",
        "graphology-utils": "^1.7.0"
      }
    },
    "graphology-metrics": {
      "version": "1.13.0",
      "resolved": "https://registry.npmjs.org/graphology-metrics/-/graphology-metrics-1.13.0.tgz",
      "integrity": "sha512-Vf890KvO89niJ7Nk6Nkr/geNFfDIXcdC7LFkrGUla7VIFHAko6LqbMWbAu98FizGZtIcXAV7jJ4+VG4VxHkxoQ==",
      "requires": {
        "graphology-shortest-path": "^1.3.1",
        "graphology-types": "^0.16.0",
        "graphology-utils": "^1.6.1",
        "lodash": "^4.17.11",
        "mnemonist": "^0.34.0"
      },
      "dependencies": {
        "mnemonist": {
          "version": "0.34.0",
          "resolved": "https://registry.npmjs.org/mnemonist/-/mnemonist-0.34.0.tgz",
          "integrity": "sha512-eKQxmumFOJhd7ea/u8zVvj7gA2tD6QFkuDfUIvoT/VIq+yR1VzXpp0tM8QFgeSRig5brIN/3NUE72/wvvyc9ug==",
          "requires": {
            "obliterator": "^1.6.1"
          }
        }
      }
    },
    "graphology-operators": {
      "version": "1.1.0",
      "resolved": "https://registry.npmjs.org/graphology-operators/-/graphology-operators-1.1.0.tgz",
      "integrity": "sha512-tWNEEGFT9NqkRx0gD4j1gIDDkSFlxD5O0P7HzZk6Ns8L6fCBFYM9EDXefBwgWRGMAZ/6zU1PTWCNhc/Un8N2MA==",
      "requires": {
        "graphology-types": "^0.16.0",
        "graphology-utils": "^1.7.0"
      }
    },
    "graphology-pagerank": {
      "version": "1.1.0",
      "resolved": "https://registry.npmjs.org/graphology-pagerank/-/graphology-pagerank-1.1.0.tgz",
      "integrity": "sha512-ubhzN7HDKYSaFFvzqQsqQp14LIgCPNGaioWVZgc5E49NEKUOtCVehWEDF/9QXDUiK+4cMzj/yRoneJbYR0Rc3A==",
      "requires": {
        "graphology-utils": "^1.3.0",
        "lodash": "^4.17.5"
      }
    },
    "graphology-shortest-path": {
      "version": "1.3.1",
      "resolved": "https://registry.npmjs.org/graphology-shortest-path/-/graphology-shortest-path-1.3.1.tgz",
      "integrity": "sha512-N4rRuVMCmB3woS7rvezjEDWiXydwx0V5+Pmi/kHFVMk1bOLI1B/KKZOM4xDA+P5k7eViwxXxoNs9lQcTDkhBIQ==",
      "requires": {
        "@yomguithereal/helpers": "^1.0.0",
        "graphology-indices": "^0.3.0",
        "graphology-types": "^0.16.0",
        "graphology-utils": "^1.7.0",
        "mnemonist": "^0.33.1"
      },
      "dependencies": {
        "graphology-indices": {
          "version": "0.3.0",
          "resolved": "https://registry.npmjs.org/graphology-indices/-/graphology-indices-0.3.0.tgz",
          "integrity": "sha512-GArvM2n4/wGhUB2JZlNSKljCniF3YLbf9pV0bUXki3j2r8SxVx/QSeWqqaww3y7EceOS/nUPw/wdWhMsUYShnQ==",
          "requires": {
            "graphology-types": "^0.16.0",
            "graphology-utils": "^1.7.0",
            "mnemonist": "^0.32.0"
          },
          "dependencies": {
            "mnemonist": {
              "version": "0.32.0",
              "resolved": "https://registry.npmjs.org/mnemonist/-/mnemonist-0.32.0.tgz",
              "integrity": "sha512-WMVGPpT8guWwnsnw+WibOvInBnPfXFG+9SD+mg2+YgPEuW9Gdz9D2MEi05ko6RG1ui0RHljc+yYAvOHQn3GbbQ==",
              "requires": {
                "obliterator": "^1.5.0"
              }
            }
          }
        },
        "mnemonist": {
          "version": "0.33.1",
          "resolved": "https://registry.npmjs.org/mnemonist/-/mnemonist-0.33.1.tgz",
          "integrity": "sha512-+uOVZaYbCrp+Mf7POOW5No0WC9HfvU7o2CRh3nqvAOZnd/VSkuh4BfnDpFmvVVpZyrudAJaCNrOKH20S4Hki3Q==",
          "requires": {
            "obliterator": "^1.6.1"
          }
        }
      }
    },
    "graphology-types": {
      "version": "0.16.0",
      "resolved": "https://registry.npmjs.org/graphology-types/-/graphology-types-0.16.0.tgz",
      "integrity": "sha512-iBGyPuMHlmHdXaB0cu/vllkPJ3myf063ZICY90zDxYQrJYZ3Dm4h2+dLM3Kof+CVJzM4HGg96ZFZ8HS6C7LgCQ=="
    },
    "graphology-utils": {
      "version": "1.7.0",
      "resolved": "https://registry.npmjs.org/graphology-utils/-/graphology-utils-1.7.0.tgz",
      "integrity": "sha512-g94E5O1FTws4E81AVKnCmxinDN1KRO7Zpysqd/j7Xjy2Qjs7DOnB3XHZUaS/Yk6D74LorBp7NJY5685IEkAh6g==",
      "requires": {
        "graphology-types": "^0.15.1"
      },
      "dependencies": {
        "graphology-types": {
          "version": "0.15.5",
          "resolved": "https://registry.npmjs.org/graphology-types/-/graphology-types-0.15.5.tgz",
          "integrity": "sha512-2NONgcQ0KmzMoiLAOkk4AkyhrQsA4dfJKyGOMYUfz2sNBAR/VK3oPcalCg3ID7zDd4XSqE3rMtEt+G3KcUaLew=="
        }
      }
    },
    "lodash": {
      "version": "4.17.15",
      "resolved": "https://registry.npmjs.org/lodash/-/lodash-4.17.15.tgz",
      "integrity": "sha512-8xOcRHvCjnocdS5cpwXQXVzmmh5e5+saE2QGoeQmbKmRS6J3VQppPOIt0MnmE+4xlZoumy0GPG0D0MVIQbNA1A=="
    },
    "mnemonist": {
      "version": "0.36.1",
      "resolved": "https://registry.npmjs.org/mnemonist/-/mnemonist-0.36.1.tgz",
      "integrity": "sha512-PXrJJ5MRu++lfoZN1z/DjQhlMrrNgmHKb+DVFqGy/lCn9hMTZwXKC6aaKKwtqd6lwwak3HOonqo3D1fhQzfwaQ==",
      "requires": {
        "obliterator": "^1.6.1"
      }
    },
    "obliterator": {
      "version": "1.6.1",
      "resolved": "https://registry.npmjs.org/obliterator/-/obliterator-1.6.1.tgz",
      "integrity": "sha512-9WXswnqINnnhOG/5SLimUlzuU1hFJUc8zkwyD59Sd+dPOMf05PmnYG/d6Q7HZ+KmgkZJa1PxRso6QdM3sTNHig=="
    },
    "pandemonium": {
      "version": "1.5.0",
      "resolved": "https://registry.npmjs.org/pandemonium/-/pandemonium-1.5.0.tgz",
      "integrity": "sha512-9PU9fy93rJhZHLMjX+4M1RwZPEYl6g7DdWKGmGNhkgBZR5+tOBVExNZc00kzdEGMxbaAvWdQy9MqGAScGwYlcA=="
    },
    "xml-writer": {
      "version": "1.7.0",
      "resolved": "https://registry.npmjs.org/xml-writer/-/xml-writer-1.7.0.tgz",
      "integrity": "sha1-t28dWRwWomNOvbcDx729D9aBkGU="
    },
    "xmldom": {
      "version": "0.2.1",
      "resolved": "https://registry.npmjs.org/xmldom/-/xmldom-0.2.1.tgz",
      "integrity": "sha512-kXXiYvmblIgEemGeB75y97FyaZavx6SQhGppLw5TKWAD2Wd0KAly0g23eVLh17YcpxZpnFym1Qk/eaRjy1APPg=="
    }
  }
}
