{
  "name": "graphology-library",
  "version": "0.0.2",
  "lockfileVersion": 1,
  "requires": true,
  "dependencies": {
    "graphology-assertions": {
      "version": "0.0.1",
      "resolved": "https://registry.npmjs.org/graphology-assertions/-/graphology-assertions-0.0.1.tgz",
      "integrity": "sha1-kcEjGZbxlGXoQqu0g5j51+ZP1DI=",
      "requires": {
        "lodash": "4.17.5"
      }
    },
    "graphology-communities-louvain": {
      "version": "0.1.1",
      "resolved": "https://registry.npmjs.org/graphology-communities-louvain/-/graphology-communities-louvain-0.1.1.tgz",
      "integrity": "sha1-3ffR/aItdGmoUQmQQSRH7JIoQ70=",
      "requires": {
        "graphology-utils": "1.3.0",
        "lodash": "4.17.5"
      }
    },
    "graphology-components": {
      "version": "0.1.0",
      "resolved": "https://registry.npmjs.org/graphology-components/-/graphology-components-0.1.0.tgz",
      "integrity": "sha1-PBeJplTGNZB9qWW6itY0KE21KKM=",
      "requires": {
        "graphology-utils": "1.3.0"
      }
    },
    "graphology-generators": {
      "version": "0.9.0",
      "resolved": "https://registry.npmjs.org/graphology-generators/-/graphology-generators-0.9.0.tgz",
      "integrity": "sha512-L7nSBcQg/cJgmqxfbiXxAMCWu2vTS/UlvfaCOe6JYr0JmykahASP+7UvulRG8jZ70Xn+fLeGNGlBKXNBQWFgTA==",
      "requires": {
        "graphology-metrics": "1.5.0",
        "graphology-utils": "1.3.0",
        "lodash": "4.17.5",
        "obliterator": "1.2.1"
      }
    },
    "graphology-gexf": {
      "version": "0.3.1",
      "resolved": "https://registry.npmjs.org/graphology-gexf/-/graphology-gexf-0.3.1.tgz",
      "integrity": "sha1-DQwlfZBCZTmgxininZ++WTOlBUs=",
      "requires": {
        "graphology-utils": "1.3.0",
        "xml-writer": "1.7.0"
      }
    },
    "graphology-hits": {
      "version": "0.1.0",
      "resolved": "https://registry.npmjs.org/graphology-hits/-/graphology-hits-0.1.0.tgz",
      "integrity": "sha1-zmFrr/j9XSxOg64HFQCkcGimHpc=",
      "requires": {
        "graphology-utils": "1.3.0",
        "lodash": "4.17.5"
      }
    },
    "graphology-layout": {
      "version": "0.0.1",
      "resolved": "https://registry.npmjs.org/graphology-layout/-/graphology-layout-0.0.1.tgz",
      "integrity": "sha1-COp4P6rDteRsgY6SgtxHvtJ+PoQ=",
      "requires": {
        "graphology-utils": "1.3.0",
        "lodash": "4.17.5"
      }
    },
    "graphology-layout-forceatlas2": {
      "version": "0.1.1",
      "resolved": "https://registry.npmjs.org/graphology-layout-forceatlas2/-/graphology-layout-forceatlas2-0.1.1.tgz",
      "integrity": "sha512-ITgNkjwR7O+77lNcKVpR3s5DnR3qt9NDkJA7zlFM5IRj693Kc6eTYzFq8ubcEGWA0KzkGt/fxkAZwBwiI9eQeg==",
      "requires": {
        "graphology-utils": "1.3.0"
      }
    },
    "graphology-metrics": {
      "version": "1.5.0",
      "resolved": "https://registry.npmjs.org/graphology-metrics/-/graphology-metrics-1.5.0.tgz",
      "integrity": "sha512-H5+/cvKFmb8g/chmzhtop8rcRyEuSglN3AaPwY+8qZYW9QldhTqYbXJkliD3lai7fG7mzVYq65VyNk4pQ93NaQ==",
      "requires": {
        "graphology-shortest-path": "1.0.1",
        "graphology-utils": "1.3.0",
        "lodash": "4.17.5"
      }
    },
    "graphology-operators": {
      "version": "0.1.0",
      "resolved": "https://registry.npmjs.org/graphology-operators/-/graphology-operators-0.1.0.tgz",
      "integrity": "sha1-1tdDXhcKJL2Lfwbhnkf6jTVMfQg=",
      "requires": {
        "graphology-utils": "1.3.0"
      }
    },
    "graphology-pagerank": {
      "version": "1.0.0",
      "resolved": "https://registry.npmjs.org/graphology-pagerank/-/graphology-pagerank-1.0.0.tgz",
      "integrity": "sha512-A4xPwo7XePUzXElNAL6cVJ3lsEoDK5enkozot2ma8p//6rpPxZTqrDEj53aO+ht6o4oHPgtxpRBhJHM7ZBZj8Q==",
      "requires": {
        "graphology-utils": "1.3.0",
        "lodash": "4.17.5"
      }
    },
    "graphology-shortest-path": {
      "version": "1.0.1",
      "resolved": "https://registry.npmjs.org/graphology-shortest-path/-/graphology-shortest-path-1.0.1.tgz",
      "integrity": "sha512-VBKd+MWlLF8TmGUAqO9w5PJE3+9QfdwCtX/xEQnDI9uxmsyJUPcS+DzyDdKAdUZOCdcBjflUONnIkZqiuVVOgw==",
      "requires": {
        "graphology-utils": "1.3.0",
        "mnemonist": "0.19.0"
      }
    },
    "graphology-utils": {
      "version": "1.3.0",
      "resolved": "https://registry.npmjs.org/graphology-utils/-/graphology-utils-1.3.0.tgz",
      "integrity": "sha512-7B1HzKv7QkbwpdqnfUtB1Fc9dFbLwHUDEPYBG3xTfAOv2gr30vKHBwhNvLwY9vzhRri3Such+EJF/Hlln5jPCA=="
    },
    "lodash": {
      "version": "4.17.5",
      "resolved": "https://registry.npmjs.org/lodash/-/lodash-4.17.5.tgz",
      "integrity": "sha512-svL3uiZf1RwhH+cWrfZn3A4+U58wbP0tGVTLQPbjplZxZ8ROD9VLuNgsRniTlLe7OlSqR79RUehXgpBW/s0IQw=="
    },
    "mnemonist": {
      "version": "0.19.0",
      "resolved": "https://registry.npmjs.org/mnemonist/-/mnemonist-0.19.0.tgz",
      "integrity": "sha512-YhJ1cT6EhQPOMh+nBWpJcrDDur8VjNHYt+wU44ricdaELpcZ2tqC6NsynBOigySM++izPfgsk+3KJyKLDpaqjg==",
      "requires": {
        "obliterator": "1.2.1"
      }
    },
    "obliterator": {
      "version": "1.2.1",
      "resolved": "https://registry.npmjs.org/obliterator/-/obliterator-1.2.1.tgz",
      "integrity": "sha512-KMA0nZW3Z0UdG9Qtt5Ti8aFg8WvWHE8dKEL2/U5/+PfqyzpVyeLVXOrwhFskyrxnYjn936JZVm76rshSOYHgxQ=="
    },
    "xml-writer": {
      "version": "1.7.0",
      "resolved": "https://registry.npmjs.org/xml-writer/-/xml-writer-1.7.0.tgz",
      "integrity": "sha1-t28dWRwWomNOvbcDx729D9aBkGU="
    }
  }
}
